
Microsoft Visual Studio Solution File, Format Version 12.00
# Visual Studio 2013
VisualStudioVersion = 12.0.21005.1
MinimumVisualStudioVersion = 10.0.40219.1
Project("{FAE04EC0-301F-11D3-BF4B-00C04F79EFBC}") = "Titan.Entities", "Titan.Entities\Titan.Entities.csproj", "{D3D18EC1-B795-49F3-A9CE-EF1495023744}"
EndProject
Project("{2150E333-8FDC-42A3-9474-1A3956D46DE8}") = "01 Entity", "01 Entity", "{C72DF174-17B4-42E5-A22D-318AB0F75A3E}"
EndProject
Project("{2150E333-8FDC-42A3-9474-1A3956D46DE8}") = "02 Server", "02 Server", "{792B1A23-57FE-41F9-8D68-DF313146E048}"
EndProject
Project("{2150E333-8FDC-42A3-9474-1A3956D46DE8}") = "03 Test", "03 Test", "{94294DEB-B692-4C48-B147-B48C4C9480CD}"
EndProject
Project("{FAE04EC0-301F-11D3-BF4B-00C04F79EFBC}") = "Titan.Service", "Titan.Service\Titan.Service.csproj", "{D8D43C32-1D43-4A08-BC0E-8B2DF80CA96A}"
EndProject
Project("{FAE04EC0-301F-11D3-BF4B-00C04F79EFBC}") = "Titan.Test", "Titan.Test\Titan.Test.csproj", "{FCFFD747-9847-4037-9663-45BDDEE2A733}"
EndProject
Global
	GlobalSection(SolutionConfigurationPlatforms) = preSolution
		Debug|Any CPU = Debug|Any CPU
		Release|Any CPU = Release|Any CPU
	EndGlobalSection
	GlobalSection(ProjectConfigurationPlatforms) = postSolution
		{D3D18EC1-B795-49F3-A9CE-EF1495023744}.Debug|Any CPU.ActiveCfg = Debug|Any CPU
		{D3D18EC1-B795-49F3-A9CE-EF1495023744}.Debug|Any CPU.Build.0 = Debug|Any CPU
		{D3D18EC1-B795-49F3-A9CE-EF1495023744}.Release|Any CPU.ActiveCfg = Release|Any CPU
		{D3D18EC1-B795-49F3-A9CE-EF1495023744}.Release|Any CPU.Build.0 = Release|Any CPU
		{D8D43C32-1D43-4A08-BC0E-8B2DF80CA96A}.Debug|Any CPU.ActiveCfg = Debug|Any CPU
		{D8D43C32-1D43-4A08-BC0E-8B2DF80CA96A}.Debug|Any CPU.Build.0 = Debug|Any CPU
		{D8D43C32-1D43-4A08-BC0E-8B2DF80CA96A}.Release|Any CPU.ActiveCfg = Release|Any CPU
		{D8D43C32-1D43-4A08-BC0E-8B2DF80CA96A}.Release|Any CPU.Build.0 = Release|Any CPU
		{FCFFD747-9847-4037-9663-45BDDEE2A733}.Debug|Any CPU.ActiveCfg = Debug|Any CPU
		{FCFFD747-9847-4037-9663-45BDDEE2A733}.Debug|Any CPU.Build.0 = Debug|Any CPU
		{FCFFD747-9847-4037-9663-45BDDEE2A733}.Release|Any CPU.ActiveCfg = Release|Any CPU
		{FCFFD747-9847-4037-9663-45BDDEE2A733}.Release|Any CPU.Build.0 = Release|Any CPU
	EndGlobalSection
	GlobalSection(SolutionProperties) = preSolution
		HideSolutionNode = FALSE
	EndGlobalSection
	GlobalSection(NestedProjects) = preSolution
		{D3D18EC1-B795-49F3-A9CE-EF1495023744} = {C72DF174-17B4-42E5-A22D-318AB0F75A3E}
		{D8D43C32-1D43-4A08-BC0E-8B2DF80CA96A} = {792B1A23-57FE-41F9-8D68-DF313146E048}
		{FCFFD747-9847-4037-9663-45BDDEE2A733} = {94294DEB-B692-4C48-B147-B48C4C9480CD}
	EndGlobalSection
EndGlobal
